
Microsoft Visual Studio Solution File, Format Version 12.00
# Visual Studio Version 16
VisualStudioVersion = 16.0.29519.181
MinimumVisualStudioVersion = 10.0.40219.1
Project("{FAE04EC0-301F-11D3-BF4B-00C04F79EFBC}") = "PeerSupport3", "PeerSupport3.csproj", "{C379FED7-2F75-4128-9ABD-A1B4AE6A9B3C}"
EndProject
Global
	GlobalSection(SolutionConfigurationPlatforms) = preSolution
		Debug|Any CPU = Debug|Any CPU
		Release|Any CPU = Release|Any CPU
	EndGlobalSection
	GlobalSection(ProjectConfigurationPlatforms) = postSolution
		{C379FED7-2F75-4128-9ABD-A1B4AE6A9B3C}.Debug|Any CPU.ActiveCfg = Debug|Any CPU
		{C379FED7-2F75-4128-9ABD-A1B4AE6A9B3C}.Debug|Any CPU.Build.0 = Debug|Any CPU
		{C379FED7-2F75-4128-9ABD-A1B4AE6A9B3C}.Release|Any CPU.ActiveCfg = Release|Any CPU
		{C379FED7-2F75-4128-9ABD-A1B4AE6A9B3C}.Release|Any CPU.Build.0 = Release|Any CPU
	EndGlobalSection
	GlobalSection(SolutionProperties) = preSolution
		HideSolutionNode = FALSE
	EndGlobalSection
	GlobalSection(ExtensibilityGlobals) = postSolution
		SolutionGuid = {7A452DA3-4691-4CCA-998D-C1A454422CE9}
	EndGlobalSection
EndGlobal
